
Microsoft Visual Studio Solution File, Format Version 12.00
# Visual Studio Version 16
VisualStudioVersion = 16.0.31424.327
MinimumVisualStudioVersion = 10.0.40219.1
Project("{FAE04EC0-301F-11D3-BF4B-00C04F79EFBC}") = "Imrahor", "Imrahor\Imrahor.csproj", "{88B3BB3E-3F0B-4642-BE4E-7BBD285E9EF9}"
EndProject
Global
	GlobalSection(SolutionConfigurationPlatforms) = preSolution
		Debug|Any CPU = Debug|Any CPU
		Release|Any CPU = Release|Any CPU
	EndGlobalSection
	GlobalSection(ProjectConfigurationPlatforms) = postSolution
		{88B3BB3E-3F0B-4642-BE4E-7BBD285E9EF9}.Debug|Any CPU.ActiveCfg = Debug|Any CPU
		{88B3BB3E-3F0B-4642-BE4E-7BBD285E9EF9}.Debug|Any CPU.Build.0 = Debug|Any CPU
		{88B3BB3E-3F0B-4642-BE4E-7BBD285E9EF9}.Release|Any CPU.ActiveCfg = Release|Any CPU
		{88B3BB3E-3F0B-4642-BE4E-7BBD285E9EF9}.Release|Any CPU.Build.0 = Release|Any CPU
	EndGlobalSection
	GlobalSection(SolutionProperties) = preSolution
		HideSolutionNode = FALSE
	EndGlobalSection
	GlobalSection(ExtensibilityGlobals) = postSolution
		SolutionGuid = {FA525A66-8BA2-45C4-816D-A0CAD7E1DFD7}
	EndGlobalSection
EndGlobal
